
Microsoft Visual Studio Solution File, Format Version 12.00
# Visual Studio Version 17
VisualStudioVersion = 17.2.32602.215
MinimumVisualStudioVersion = 10.0.40219.1
Project("{9A19103F-16F7-4668-BE54-9A1E7A4F7556}") = "ConsoleApp", "ConsoleApp\ConsoleApp.csproj", "{CF8B5C63-0E84-484D-84C8-D22FC0E14F67}"
EndProject
Project("{9A19103F-16F7-4668-BE54-9A1E7A4F7556}") = "ConsoleApp.Test", "ConsoleApp.Test\ConsoleApp.Test.csproj", "{7124AAE6-996B-4BC7-8ED1-A0987B70F407}"
EndProject
Project("{FAE04EC0-301F-11D3-BF4B-00C04F79EFBC}") = "ConsoleApp.Hosting", "ConsoleApp.Hosting\ConsoleApp.Hosting.csproj", "{B8B1ACB6-6AFC-4856-BF81-AFBE33E79AC8}"
EndProject
Global
	GlobalSection(SolutionConfigurationPlatforms) = preSolution
		Debug|Any CPU = Debug|Any CPU
		Release|Any CPU = Release|Any CPU
	EndGlobalSection
	GlobalSection(ProjectConfigurationPlatforms) = postSolution
		{CF8B5C63-0E84-484D-84C8-D22FC0E14F67}.Debug|Any CPU.ActiveCfg = Debug|Any CPU
		{CF8B5C63-0E84-484D-84C8-D22FC0E14F67}.Debug|Any CPU.Build.0 = Debug|Any CPU
		{CF8B5C63-0E84-484D-84C8-D22FC0E14F67}.Release|Any CPU.ActiveCfg = Release|Any CPU
		{CF8B5C63-0E84-484D-84C8-D22FC0E14F67}.Release|Any CPU.Build.0 = Release|Any CPU
		{7124AAE6-996B-4BC7-8ED1-A0987B70F407}.Debug|Any CPU.ActiveCfg = Debug|Any CPU
		{7124AAE6-996B-4BC7-8ED1-A0987B70F407}.Debug|Any CPU.Build.0 = Debug|Any CPU
		{7124AAE6-996B-4BC7-8ED1-A0987B70F407}.Release|Any CPU.ActiveCfg = Release|Any CPU
		{7124AAE6-996B-4BC7-8ED1-A0987B70F407}.Release|Any CPU.Build.0 = Release|Any CPU
		{B8B1ACB6-6AFC-4856-BF81-AFBE33E79AC8}.Debug|Any CPU.ActiveCfg = Debug|Any CPU
		{B8B1ACB6-6AFC-4856-BF81-AFBE33E79AC8}.Debug|Any CPU.Build.0 = Debug|Any CPU
		{B8B1ACB6-6AFC-4856-BF81-AFBE33E79AC8}.Release|Any CPU.ActiveCfg = Release|Any CPU
		{B8B1ACB6-6AFC-4856-BF81-AFBE33E79AC8}.Release|Any CPU.Build.0 = Release|Any CPU
	EndGlobalSection
	GlobalSection(SolutionProperties) = preSolution
		HideSolutionNode = FALSE
	EndGlobalSection
	GlobalSection(ExtensibilityGlobals) = postSolution
		SolutionGuid = {B3BD518F-C349-4FEB-A126-87D05732CE72}
	EndGlobalSection
EndGlobal
